
Microsoft Visual Studio Solution File, Format Version 12.00
# Visual Studio Version 17
VisualStudioVersion = 17.2.32616.157
MinimumVisualStudioVersion = 10.0.40219.1
Project("{FAE04EC0-301F-11D3-BF4B-00C04F79EFBC}") = "WebApplication19", "WebApplication19\WebApplication19.csproj", "{2FA15A4F-CCC9-4149-86D0-1C4434F62AB1}"
EndProject
Global
	GlobalSection(SolutionConfigurationPlatforms) = preSolution
		Debug|Any CPU = Debug|Any CPU
		Release|Any CPU = Release|Any CPU
	EndGlobalSection
	GlobalSection(ProjectConfigurationPlatforms) = postSolution
		{2FA15A4F-CCC9-4149-86D0-1C4434F62AB1}.Debug|Any CPU.ActiveCfg = Debug|Any CPU
		{2FA15A4F-CCC9-4149-86D0-1C4434F62AB1}.Debug|Any CPU.Build.0 = Debug|Any CPU
		{2FA15A4F-CCC9-4149-86D0-1C4434F62AB1}.Release|Any CPU.ActiveCfg = Release|Any CPU
		{2FA15A4F-CCC9-4149-86D0-1C4434F62AB1}.Release|Any CPU.Build.0 = Release|Any CPU
	EndGlobalSection
	GlobalSection(SolutionProperties) = preSolution
		HideSolutionNode = FALSE
	EndGlobalSection
	GlobalSection(ExtensibilityGlobals) = postSolution
		SolutionGuid = {5181A747-2351-4DA5-84AF-42D17289618D}
	EndGlobalSection
EndGlobal
